// !$*UTF8*$!
{
	archiveVersion = 1;
	classes = {
	};
	objectVersion = 56;
	objects = {

/* Begin PBXBuildFile section */
		DC11A3672A45CD8C007717FE /* AppDelegate.swift in Sources */ = {isa = PBXBuildFile; fileRef = DC11A3662A45CD8C007717FE /* AppDelegate.swift */; };
		DC11A3692A45CD8C007717FE /* SceneDelegate.swift in Sources */ = {isa = PBXBuildFile; fileRef = DC11A3682A45CD8C007717FE /* SceneDelegate.swift */; };
		DC11A36B2A45CD8C007717FE /* MainViewController.swift in Sources */ = {isa = PBXBuildFile; fileRef = DC11A36A2A45CD8C007717FE /* MainViewController.swift */; };
		DC11A3702A45CD8D007717FE /* Assets.xcassets in Resources */ = {isa = PBXBuildFile; fileRef = DC11A36F2A45CD8D007717FE /* Assets.xcassets */; };
		DC11A3732A45CD8D007717FE /* LaunchScreen.storyboard in Resources */ = {isa = PBXBuildFile; fileRef = DC11A3712A45CD8D007717FE /* LaunchScreen.storyboard */; };
		DC11A3802A45D0C8007717FE /* MainViewCell.swift in Sources */ = {isa = PBXBuildFile; fileRef = DC11A37F2A45D0C8007717FE /* MainViewCell.swift */; };
		DC11A3822A45E65C007717FE /* PokemonViewModel.swift in Sources */ = {isa = PBXBuildFile; fileRef = DC11A3812A45E65C007717FE /* PokemonViewModel.swift */; };
		DC11A3842A45E6F2007717FE /* APICaller.swift in Sources */ = {isa = PBXBuildFile; fileRef = DC11A3832A45E6F2007717FE /* APICaller.swift */; };
		DC11A3862A45E763007717FE /* Pokemon.swift in Sources */ = {isa = PBXBuildFile; fileRef = DC11A3852A45E763007717FE /* Pokemon.swift */; };
		DC11A3892A45EEE8007717FE /* SDWebImage in Frameworks */ = {isa = PBXBuildFile; productRef = DC11A3882A45EEE8007717FE /* SDWebImage */; };
		DC11A38B2A45EEE8007717FE /* SDWebImageMapKit in Frameworks */ = {isa = PBXBuildFile; productRef = DC11A38A2A45EEE8007717FE /* SDWebImageMapKit */; };
		DC11A38D2A460A43007717FE /* Protocol.swift in Sources */ = {isa = PBXBuildFile; fileRef = DC11A38C2A460A43007717FE /* Protocol.swift */; };
		DC11A3902A46163E007717FE /* Extensions.swift in Sources */ = {isa = PBXBuildFile; fileRef = DC11A38F2A46163E007717FE /* Extensions.swift */; };
		DC11A3932A4616D7007717FE /* PreviewViewController.swift in Sources */ = {isa = PBXBuildFile; fileRef = DC11A3922A4616D7007717FE /* PreviewViewController.swift */; };
/* End PBXBuildFile section */

/* Begin PBXFileReference section */
		DC11A3632A45CD8C007717FE /* PokemonAppUIKit.app */ = {isa = PBXFileReference; explicitFileType = wrapper.application; includeInIndex = 0; path = PokemonAppUIKit.app; sourceTree = BUILT_PRODUCTS_DIR; };
		DC11A3662A45CD8C007717FE /* AppDelegate.swift */ = {isa = PBXFileReference; lastKnownFileType = sourcecode.swift; path = AppDelegate.swift; sourceTree = "<group>"; };
		DC11A3682A45CD8C007717FE /* SceneDelegate.swift */ = {isa = PBXFileReference; lastKnownFileType = sourcecode.swift; path = SceneDelegate.swift; sourceTree = "<group>"; };
		DC11A36A2A45CD8C007717FE /* MainViewController.swift */ = {isa = PBXFileReference; lastKnownFileType = sourcecode.swift; path = MainViewController.swift; sourceTree = "<group>"; };
		DC11A36F2A45CD8D007717FE /* Assets.xcassets */ = {isa = PBXFileReference; lastKnownFileType = folder.assetcatalog; path = Assets.xcassets; sourceTree = "<group>"; };
		DC11A3722A45CD8D007717FE /* Base */ = {isa = PBXFileReference; lastKnownFileType = file.storyboard; name = Base; path = Base.lproj/LaunchScreen.storyboard; sourceTree = "<group>"; };
		DC11A3742A45CD8D007717FE /* Info.plist */ = {isa = PBXFileReference; lastKnownFileType = text.plist.xml; path = Info.plist; sourceTree = "<group>"; };
		DC11A37F2A45D0C8007717FE /* MainViewCell.swift */ = {isa = PBXFileReference; lastKnownFileType = sourcecode.swift; path = MainViewCell.swift; sourceTree = "<group>"; };
		DC11A3812A45E65C007717FE /* PokemonViewModel.swift */ = {isa = PBXFileReference; lastKnownFileType = sourcecode.swift; path = PokemonViewModel.swift; sourceTree = "<group>"; };
		DC11A3832A45E6F2007717FE /* APICaller.swift */ = {isa = PBXFileReference; lastKnownFileType = sourcecode.swift; path = APICaller.swift; sourceTree = "<group>"; };
		DC11A3852A45E763007717FE /* Pokemon.swift */ = {isa = PBXFileReference; lastKnownFileType = sourcecode.swift; path = Pokemon.swift; sourceTree = "<group>"; };
		DC11A38C2A460A43007717FE /* Protocol.swift */ = {isa = PBXFileReference; lastKnownFileType = sourcecode.swift; path = Protocol.swift; sourceTree = "<group>"; };
		DC11A38F2A46163E007717FE /* Extensions.swift */ = {isa = PBXFileReference; lastKnownFileType = sourcecode.swift; path = Extensions.swift; sourceTree = "<group>"; };
		DC11A3922A4616D7007717FE /* PreviewViewController.swift */ = {isa = PBXFileReference; lastKnownFileType = sourcecode.swift; path = PreviewViewController.swift; sourceTree = "<group>"; };
/* End PBXFileReference section */

/* Begin PBXFrameworksBuildPhase section */
		DC11A3602A45CD8C007717FE /* Frameworks */ = {
			isa = PBXFrameworksBuildPhase;
			buildActionMask = 2147483647;
			files = (
				DC11A38B2A45EEE8007717FE /* SDWebImageMapKit in Frameworks */,
				DC11A3892A45EEE8007717FE /* SDWebImage in Frameworks */,
			);
			runOnlyForDeploymentPostprocessing = 0;
		};
/* End PBXFrameworksBuildPhase section */

/* Begin PBXGroup section */
		DC11A35A2A45CD8C007717FE = {
			isa = PBXGroup;
			children = (
				DC11A3652A45CD8C007717FE /* PokemonAppUIKit */,
				DC11A3642A45CD8C007717FE /* Products */,
			);
			sourceTree = "<group>";
		};
		DC11A3642A45CD8C007717FE /* Products */ = {
			isa = PBXGroup;
			children = (
				DC11A3632A45CD8C007717FE /* PokemonAppUIKit.app */,
			);
			name = Products;
			sourceTree = "<group>";
		};
		DC11A3652A45CD8C007717FE /* PokemonAppUIKit */ = {
			isa = PBXGroup;
			children = (
				DC11A3912A461654007717FE /* Resources */,
				DC11A38E2A460A67007717FE /* Protocol */,
				DC11A37E2A45CFDC007717FE /* Service */,
				DC11A37D2A45CFD0007717FE /* Model */,
				DC11A37C2A45CFCB007717FE /* ViewModel */,
				DC11A37B2A45CFC6007717FE /* Controller */,
				DC11A37A2A45CFC1007717FE /* View */,
				DC11A3662A45CD8C007717FE /* AppDelegate.swift */,
				DC11A3682A45CD8C007717FE /* SceneDelegate.swift */,
				DC11A36F2A45CD8D007717FE /* Assets.xcassets */,
				DC11A3712A45CD8D007717FE /* LaunchScreen.storyboard */,
				DC11A3742A45CD8D007717FE /* Info.plist */,
			);
			path = PokemonAppUIKit;
			sourceTree = "<group>";
		};
		DC11A37A2A45CFC1007717FE /* View */ = {
			isa = PBXGroup;
			children = (
				DC11A37F2A45D0C8007717FE /* MainViewCell.swift */,
			);
			path = View;
			sourceTree = "<group>";
		};
		DC11A37B2A45CFC6007717FE /* Controller */ = {
			isa = PBXGroup;
			children = (
				DC11A36A2A45CD8C007717FE /* MainViewController.swift */,
				DC11A3922A4616D7007717FE /* PreviewViewController.swift */,
			);
			path = Controller;
			sourceTree = "<group>";
		};
		DC11A37C2A45CFCB007717FE /* ViewModel */ = {
			isa = PBXGroup;
			children = (
				DC11A3812A45E65C007717FE /* PokemonViewModel.swift */,
			);
			path = ViewModel;
			sourceTree = "<group>";
		};
		DC11A37D2A45CFD0007717FE /* Model */ = {
			isa = PBXGroup;
			children = (
				DC11A3852A45E763007717FE /* Pokemon.swift */,
			);
			path = Model;
			sourceTree = "<group>";
		};
		DC11A37E2A45CFDC007717FE /* Service */ = {
			isa = PBXGroup;
			children = (
				DC11A3832A45E6F2007717FE /* APICaller.swift */,
			);
			path = Service;
			sourceTree = "<group>";
		};
		DC11A38E2A460A67007717FE /* Protocol */ = {
			isa = PBXGroup;
			children = (
				DC11A38C2A460A43007717FE /* Protocol.swift */,
			);
			path = Protocol;
			sourceTree = "<group>";
		};
		DC11A3912A461654007717FE /* Resources */ = {
			isa = PBXGroup;
			children = (
				DC11A38F2A46163E007717FE /* Extensions.swift */,
			);
			path = Resources;
			sourceTree = "<group>";
		};
/* End PBXGroup section */

/* Begin PBXNativeTarget section */
		DC11A3622A45CD8C007717FE /* PokemonAppUIKit */ = {
			isa = PBXNativeTarget;
			buildConfigurationList = DC11A3772A45CD8D007717FE /* Build configuration list for PBXNativeTarget "PokemonAppUIKit" */;
			buildPhases = (
				DC11A35F2A45CD8C007717FE /* Sources */,
				DC11A3602A45CD8C007717FE /* Frameworks */,
				DC11A3612A45CD8C007717FE /* Resources */,
			);
			buildRules = (
			);
			dependencies = (
			);
			name = PokemonAppUIKit;
			packageProductDependencies = (
				DC11A3882A45EEE8007717FE /* SDWebImage */,
				DC11A38A2A45EEE8007717FE /* SDWebImageMapKit */,
			);
			productName = PokemonAppUIKit;
			productReference = DC11A3632A45CD8C007717FE /* PokemonAppUIKit.app */;
			productType = "com.apple.product-type.application";
		};
/* End PBXNativeTarget section */

/* Begin PBXProject section */
		DC11A35B2A45CD8C007717FE /* Project object */ = {
			isa = PBXProject;
			attributes = {
				BuildIndependentTargetsInParallel = 1;
				LastSwiftUpdateCheck = 1430;
				LastUpgradeCheck = 1430;
				TargetAttributes = {
					DC11A3622A45CD8C007717FE = {
						CreatedOnToolsVersion = 14.3.1;
					};
				};
			};
			buildConfigurationList = DC11A35E2A45CD8C007717FE /* Build configuration list for PBXProject "PokemonAppUIKit" */;
			compatibilityVersion = "Xcode 14.0";
			developmentRegion = en;
			hasScannedForEncodings = 0;
			knownRegions = (
				en,
				Base,
			);
			mainGroup = DC11A35A2A45CD8C007717FE;
			packageReferences = (
				DC11A3872A45EEE8007717FE /* XCRemoteSwiftPackageReference "SDWebImage" */,
			);
			productRefGroup = DC11A3642A45CD8C007717FE /* Products */;
			projectDirPath = "";
			projectRoot = "";
			targets = (
				DC11A3622A45CD8C007717FE /* PokemonAppUIKit */,
			);
		};
/* End PBXProject section */

/* Begin PBXResourcesBuildPhase section */
		DC11A3612A45CD8C007717FE /* Resources */ = {
			isa = PBXResourcesBuildPhase;
			buildActionMask = 2147483647;
			files = (
				DC11A3732A45CD8D007717FE /* LaunchScreen.storyboard in Resources */,
				DC11A3702A45CD8D007717FE /* Assets.xcassets in Resources */,
			);
			runOnlyForDeploymentPostprocessing = 0;
		};
/* End PBXResourcesBuildPhase section */

/* Begin PBXSourcesBuildPhase section */
		DC11A35F2A45CD8C007717FE /* Sources */ = {
			isa = PBXSourcesBuildPhase;
			buildActionMask = 2147483647;
			files = (
				DC11A3862A45E763007717FE /* Pokemon.swift in Sources */,
				DC11A3902A46163E007717FE /* Extensions.swift in Sources */,
				DC11A36B2A45CD8C007717FE /* MainViewController.swift in Sources */,
				DC11A3932A4616D7007717FE /* PreviewViewController.swift in Sources */,
				DC11A3842A45E6F2007717FE /* APICaller.swift in Sources */,
				DC11A38D2A460A43007717FE /* Protocol.swift in Sources */,
				DC11A3822A45E65C007717FE /* PokemonViewModel.swift in Sources */,
				DC11A3802A45D0C8007717FE /* MainViewCell.swift in Sources */,
				DC11A3672A45CD8C007717FE /* AppDelegate.swift in Sources */,
				DC11A3692A45CD8C007717FE /* SceneDelegate.swift in Sources */,
			);
			runOnlyForDeploymentPostprocessing = 0;
		};
/* End PBXSourcesBuildPhase section */

/* Begin PBXVariantGroup section */
		DC11A3712A45CD8D007717FE /* LaunchScreen.storyboard */ = {
			isa = PBXVariantGroup;
			children = (
				DC11A3722A45CD8D007717FE /* Base */,
			);
			name = LaunchScreen.storyboard;
			sourceTree = "<group>";
		};
/* End PBXVariantGroup section */

/* Begin XCBuildConfiguration section */
		DC11A3752A45CD8D007717FE /* Debug */ = {
			isa = XCBuildConfiguration;
			buildSettings = {
				ALWAYS_SEARCH_USER_PATHS = NO;
				CLANG_ANALYZER_NONNULL = YES;
				CLANG_ANALYZER_NUMBER_OBJECT_CONVERSION = YES_AGGRESSIVE;
				CLANG_CXX_LANGUAGE_STANDARD = "gnu++20";
				CLANG_ENABLE_MODULES = YES;
				CLANG_ENABLE_OBJC_ARC = YES;
				CLANG_ENABLE_OBJC_WEAK = YES;
				CLANG_WARN_BLOCK_CAPTURE_AUTORELEASING = YES;
				CLANG_WARN_BOOL_CONVERSION = YES;
				CLANG_WARN_COMMA = YES;
				CLANG_WARN_CONSTANT_CONVERSION = YES;
				CLANG_WARN_DEPRECATED_OBJC_IMPLEMENTATIONS = YES;
				CLANG_WARN_DIRECT_OBJC_ISA_USAGE = YES_ERROR;
				CLANG_WARN_DOCUMENTATION_COMMENTS = YES;
				CLANG_WARN_EMPTY_BODY = YES;
				CLANG_WARN_ENUM_CONVERSION = YES;
				CLANG_WARN_INFINITE_RECURSION = YES;
				CLANG_WARN_INT_CONVERSION = YES;
				CLANG_WARN_NON_LITERAL_NULL_CONVERSION = YES;
				CLANG_WARN_OBJC_IMPLICIT_RETAIN_SELF = YES;
				CLANG_WARN_OBJC_LITERAL_CONVERSION = YES;
				CLANG_WARN_OBJC_ROOT_CLASS = YES_ERROR;
				CLANG_WARN_QUOTED_INCLUDE_IN_FRAMEWORK_HEADER = YES;
				CLANG_WARN_RANGE_LOOP_ANALYSIS = YES;
				CLANG_WARN_STRICT_PROTOTYPES = YES;
				CLANG_WARN_SUSPICIOUS_MOVE = YES;
				CLANG_WARN_UNGUARDED_AVAILABILITY = YES_AGGRESSIVE;
				CLANG_WARN_UNREACHABLE_CODE = YES;
				CLANG_WARN__DUPLICATE_METHOD_MATCH = YES;
				COPY_PHASE_STRIP = NO;
				DEBUG_INFORMATION_FORMAT = dwarf;
				ENABLE_STRICT_OBJC_MSGSEND = YES;
				ENABLE_TESTABILITY = YES;
				GCC_C_LANGUAGE_STANDARD = gnu11;
				GCC_DYNAMIC_NO_PIC = NO;
				GCC_NO_COMMON_BLOCKS = YES;
				GCC_OPTIMIZATION_LEVEL = 0;
				GCC_PREPROCESSOR_DEFINITIONS = (
					"DEBUG=1",
					"$(inherited)",
				);
				GCC_WARN_64_TO_32_BIT_CONVERSION = YES;
				GCC_WARN_ABOUT_RETURN_TYPE = YES_ERROR;
				GCC_WARN_UNDECLARED_SELECTOR = YES;
				GCC_WARN_UNINITIALIZED_AUTOS = YES_AGGRESSIVE;
				GCC_WARN_UNUSED_FUNCTION = YES;
				GCC_WARN_UNUSED_VARIABLE = YES;
				IPHONEOS_DEPLOYMENT_TARGET = 16.4;
				MTL_ENABLE_DEBUG_INFO = INCLUDE_SOURCE;
				MTL_FAST_MATH = YES;
				ONLY_ACTIVE_ARCH = YES;
				SDKROOT = iphoneos;
				SWIFT_ACTIVE_COMPILATION_CONDITIONS = DEBUG;
				SWIFT_OPTIMIZATION_LEVEL = "-Onone";
			};
			name = Debug;
		};
		DC11A3762A45CD8D007717FE /* Release */ = {
			isa = XCBuildConfiguration;
			buildSettings = {
				ALWAYS_SEARCH_USER_PATHS = NO;
				CLANG_ANALYZER_NONNULL = YES;
				CLANG_ANALYZER_NUMBER_OBJECT_CONVERSION = YES_AGGRESSIVE;
				CLANG_CXX_LANGUAGE_STANDARD = "gnu++20";
				CLANG_ENABLE_MODULES = YES;
				CLANG_ENABLE_OBJC_ARC = YES;
				CLANG_ENABLE_OBJC_WEAK = YES;
				CLANG_WARN_BLOCK_CAPTURE_AUTORELEASING = YES;
				CLANG_WARN_BOOL_CONVERSION = YES;
				CLANG_WARN_COMMA = YES;
				CLANG_WARN_CONSTANT_CONVERSION = YES;
				CLANG_WARN_DEPRECATED_OBJC_IMPLEMENTATIONS = YES;
				CLANG_WARN_DIRECT_OBJC_ISA_USAGE = YES_ERROR;
				CLANG_WARN_DOCUMENTATION_COMMENTS = YES;
				CLANG_WARN_EMPTY_BODY = YES;
				CLANG_WARN_ENUM_CONVERSION = YES;
				CLANG_WARN_INFINITE_RECURSION = YES;
				CLANG_WARN_INT_CONVERSION = YES;
				CLANG_WARN_NON_LITERAL_NULL_CONVERSION = YES;
				CLANG_WARN_OBJC_IMPLICIT_RETAIN_SELF = YES;
				CLANG_WARN_OBJC_LITERAL_CONVERSION = YES;
				CLANG_WARN_OBJC_ROOT_CLASS = YES_ERROR;
				CLANG_WARN_QUOTED_INCLUDE_IN_FRAMEWORK_HEADER = YES;
				CLANG_WARN_RANGE_LOOP_ANALYSIS = YES;
				CLANG_WARN_STRICT_PROTOTYPES = YES;
				CLANG_WARN_SUSPICIOUS_MOVE = YES;
				CLANG_WARN_UNGUARDED_AVAILABILITY = YES_AGGRESSIVE;
				CLANG_WARN_UNREACHABLE_CODE = YES;
				CLANG_WARN__DUPLICATE_METHOD_MATCH = YES;
				COPY_PHASE_STRIP = NO;
				DEBUG_INFORMATION_FORMAT = "dwarf-with-dsym";
				ENABLE_NS_ASSERTIONS = NO;
				ENABLE_STRICT_OBJC_MSGSEND = YES;
				GCC_C_LANGUAGE_STANDARD = gnu11;
				GCC_NO_COMMON_BLOCKS = YES;
				GCC_WARN_64_TO_32_BIT_CONVERSION = YES;
				GCC_WARN_ABOUT_RETURN_TYPE = YES_ERROR;
				GCC_WARN_UNDECLARED_SELECTOR = YES;
				GCC_WARN_UNINITIALIZED_AUTOS = YES_AGGRESSIVE;
				GCC_WARN_UNUSED_FUNCTION = YES;
				GCC_WARN_UNUSED_VARIABLE = YES;
				IPHONEOS_DEPLOYMENT_TARGET = 16.4;
				MTL_ENABLE_DEBUG_INFO = NO;
				MTL_FAST_MATH = YES;
				SDKROOT = iphoneos;
				SWIFT_COMPILATION_MODE = wholemodule;
				SWIFT_OPTIMIZATION_LEVEL = "-O";
				VALIDATE_PRODUCT = YES;
			};
			name = Release;
		};
		DC11A3782A45CD8D007717FE /* Debug */ = {
			isa = XCBuildConfiguration;
			buildSettings = {
				ASSETCATALOG_COMPILER_APPICON_NAME = AppIcon;
				ASSETCATALOG_COMPILER_GLOBAL_ACCENT_COLOR_NAME = AccentColor;
				CODE_SIGN_STYLE = Automatic;
				CURRENT_PROJECT_VERSION = 1;
				DEVELOPMENT_TEAM = 27976765KZ;
				GENERATE_INFOPLIST_FILE = YES;
				INFOPLIST_FILE = PokemonAppUIKit/Info.plist;
				INFOPLIST_KEY_UIApplicationSupportsIndirectInputEvents = YES;
				INFOPLIST_KEY_UILaunchStoryboardName = LaunchScreen;
				INFOPLIST_KEY_UISupportedInterfaceOrientations_iPad = "UIInterfaceOrientationPortrait UIInterfaceOrientationPortraitUpsideDown UIInterfaceOrientationLandscapeLeft UIInterfaceOrientationLandscapeRight";
				INFOPLIST_KEY_UISupportedInterfaceOrientations_iPhone = "UIInterfaceOrientationPortrait UIInterfaceOrientationLandscapeLeft UIInterfaceOrientationLandscapeRight";
				LD_RUNPATH_SEARCH_PATHS = (
					"$(inherited)",
					"@executable_path/Frameworks",
				);
				MARKETING_VERSION = 1.0;
				PRODUCT_BUNDLE_IDENTIFIER = furkankeskin.PokemonAppUIKit;
				PRODUCT_NAME = "$(TARGET_NAME)";
				SWIFT_EMIT_LOC_STRINGS = YES;
				SWIFT_VERSION = 5.0;
				TARGETED_DEVICE_FAMILY = "1,2";
			};
			name = Debug;
		};
		DC11A3792A45CD8D007717FE /* Release */ = {
			isa = XCBuildConfiguration;
			buildSettings = {
				ASSETCATALOG_COMPILER_APPICON_NAME = AppIcon;
				ASSETCATALOG_COMPILER_GLOBAL_ACCENT_COLOR_NAME = AccentColor;
				CODE_SIGN_STYLE = Automatic;
				CURRENT_PROJECT_VERSION = 1;
				DEVELOPMENT_TEAM = 27976765KZ;
				GENERATE_INFOPLIST_FILE = YES;
				INFOPLIST_FILE = PokemonAppUIKit/Info.plist;
				INFOPLIST_KEY_UIApplicationSupportsIndirectInputEvents = YES;
				INFOPLIST_KEY_UILaunchStoryboardName = LaunchScreen;
				INFOPLIST_KEY_UISupportedInterfaceOrientations_iPad = "UIInterfaceOrientationPortrait UIInterfaceOrientationPortraitUpsideDown UIInterfaceOrientationLandscapeLeft UIInterfaceOrientationLandscapeRight";
				INFOPLIST_KEY_UISupportedInterfaceOrientations_iPhone = "UIInterfaceOrientationPortrait UIInterfaceOrientationLandscapeLeft UIInterfaceOrientationLandscapeRight";
				LD_RUNPATH_SEARCH_PATHS = (
					"$(inherited)",
					"@executable_path/Frameworks",
				);
				MARKETING_VERSION = 1.0;
				PRODUCT_BUNDLE_IDENTIFIER = furkankeskin.PokemonAppUIKit;
				PRODUCT_NAME = "$(TARGET_NAME)";
				SWIFT_EMIT_LOC_STRINGS = YES;
				SWIFT_VERSION = 5.0;
				TARGETED_DEVICE_FAMILY = "1,2";
			};
			name = Release;
		};
/* End XCBuildConfiguration section */

/* Begin XCConfigurationList section */
		DC11A35E2A45CD8C007717FE /* Build configuration list for PBXProject "PokemonAppUIKit" */ = {
			isa = XCConfigurationList;
			buildConfigurations = (
				DC11A3752A45CD8D007717FE /* Debug */,
				DC11A3762A45CD8D007717FE /* Release */,
			);
			defaultConfigurationIsVisible = 0;
			defaultConfigurationName = Release;
		};
		DC11A3772A45CD8D007717FE /* Build configuration list for PBXNativeTarget "PokemonAppUIKit" */ = {
			isa = XCConfigurationList;
			buildConfigurations = (
				DC11A3782A45CD8D007717FE /* Debug */,
				DC11A3792A45CD8D007717FE /* Release */,
			);
			defaultConfigurationIsVisible = 0;
			defaultConfigurationName = Release;
		};
/* End XCConfigurationList section */

/* Begin XCRemoteSwiftPackageReference section */
		DC11A3872A45EEE8007717FE /* XCRemoteSwiftPackageReference "SDWebImage" */ = {
			isa = XCRemoteSwiftPackageReference;
			repositoryURL = "https://github.com/SDWebImage/SDWebImage.git";
			requirement = {
				kind = upToNextMajorVersion;
				minimumVersion = 5.0.0;
			};
		};
/* End XCRemoteSwiftPackageReference section */

/* Begin XCSwiftPackageProductDependency section */
		DC11A3882A45EEE8007717FE /* SDWebImage */ = {
			isa = XCSwiftPackageProductDependency;
			package = DC11A3872A45EEE8007717FE /* XCRemoteSwiftPackageReference "SDWebImage" */;
			productName = SDWebImage;
		};
		DC11A38A2A45EEE8007717FE /* SDWebImageMapKit */ = {
			isa = XCSwiftPackageProductDependency;
			package = DC11A3872A45EEE8007717FE /* XCRemoteSwiftPackageReference "SDWebImage" */;
			productName = SDWebImageMapKit;
		};
/* End XCSwiftPackageProductDependency section */
	};
	rootObject = DC11A35B2A45CD8C007717FE /* Project object */;
}
